{
    "name": "app_dev_server",
    "version": "1.0.0",
    "lockfileVersion": 1,
    "requires": true,
    "dependencies": {
        "smart-mock-server": {
            "version": "1.2.0",
            "resolved": "https://registry.npmjs.org/smart-mock-server/-/smart-mock-server-1.2.0.tgz",
            "integrity": "sha512-ldSBazYqyGJkqmNWeYs3uDjJVcPwcGtcl2kEtYAcoQKqF97Dx0AFwjsSar8LPx080MxPQX06xKwntoYq+0h3TA=="
        }
    }
}
